Microsoft Visual Studio Solution File, Format Version 12.00
# Visual Studio Version 17
VisualStudioVersion = 17.5.2.0
MinimumVisualStudioVersion = 10.0.40219.1
Project("{FAE04EC0-301F-11D3-BF4B-00C04F79EFBC}") = "LagerMvcApp", "LagerMvcApp.csproj", "{FCB502BD-EFD9-B510-A8AF-0519488DED29}"
EndProject
Global
	GlobalSection(SolutionConfigurationPlatforms) = preSolution
		Debug|Any CPU = Debug|Any CPU
		Release|Any CPU = Release|Any CPU
	EndGlobalSection
	GlobalSection(ProjectConfigurationPlatforms) = postSolution
		{FCB502BD-EFD9-B510-A8AF-0519488DED29}.Debug|Any CPU.ActiveCfg = Debug|Any CPU
		{FCB502BD-EFD9-B510-A8AF-0519488DED29}.Debug|Any CPU.Build.0 = Debug|Any CPU
		{FCB502BD-EFD9-B510-A8AF-0519488DED29}.Release|Any CPU.ActiveCfg = Release|Any CPU
		{FCB502BD-EFD9-B510-A8AF-0519488DED29}.Release|Any CPU.Build.0 = Release|Any CPU
	EndGlobalSection
	GlobalSection(SolutionProperties) = preSolution
		HideSolutionNode = FALSE
	EndGlobalSection
	GlobalSection(ExtensibilityGlobals) = postSolution
		SolutionGuid = {AE7EA483-A6FB-45E3-894A-667AA42FD7DA}
	EndGlobalSection
EndGlobal
